// !$*UTF8*$!
{
	archiveVersion = 1;
	classes = {
	};
	objectVersion = 46;
	objects = {

/* Begin PBXBuildFile section */
		5A91CFEA17155FCD00A0A52F /* UIKit.framework in Frameworks */ = {isa = PBXBuildFile; fileRef = 5A91CFE917155FCD00A0A52F /* UIKit.framework */; };
		5A91CFEC17155FCD00A0A52F /* Foundation.framework in Frameworks */ = {isa = PBXBuildFile; fileRef = 5A91CFEB17155FCD00A0A52F /* Foundation.framework */; };
		5A91CFEE17155FCD00A0A52F /* CoreGraphics.framework in Frameworks */ = {isa = PBXBuildFile; fileRef = 5A91CFED17155FCD00A0A52F /* CoreGraphics.framework */; };
		5A91CFF417155FCD00A0A52F /* InfoPlist.strings in Resources */ = {isa = PBXBuildFile; fileRef = 5A91CFF217155FCD00A0A52F /* InfoPlist.strings */; };
		5A91CFF617155FCD00A0A52F /* main.m in Sources */ = {isa = PBXBuildFile; fileRef = 5A91CFF517155FCD00A0A52F /* main.m */; };
		5A91CFFA17155FCD00A0A52F /* TAppDelegate.m in Sources */ = {isa = PBXBuildFile; fileRef = 5A91CFF917155FCD00A0A52F /* TAppDelegate.m */; };
		5A91CFFC17155FCD00A0A52F /* Default.png in Resources */ = {isa = PBXBuildFile; fileRef = 5A91CFFB17155FCD00A0A52F /* Default.png */; };
		5A91CFFE17155FCD00A0A52F /* Default@2x.png in Resources */ = {isa = PBXBuildFile; fileRef = 5A91CFFD17155FCD00A0A52F /* Default@2x.png */; };
		5A91D00017155FCD00A0A52F /* Default-568h@2x.png in Resources */ = {isa = PBXBuildFile; fileRef = 5A91CFFF17155FCD00A0A52F /* Default-568h@2x.png */; };
/* End PBXBuildFile section */

/* Begin PBXFileReference section */
		5A91CFE617155FCD00A0A52F /* testing.app */ = {isa = PBXFileReference; explicitFileType = wrapper.application; includeInIndex = 0; path = testing.app; sourceTree = BUILT_PRODUCTS_DIR; };
		5A91CFE917155FCD00A0A52F /* UIKit.framework */ = {isa = PBXFileReference; lastKnownFileType = wrapper.framework; name = UIKit.framework; path = System/Library/Frameworks/UIKit.framework; sourceTree = SDKROOT; };
		5A91CFEB17155FCD00A0A52F /* Foundation.framework */ = {isa = PBXFileReference; lastKnownFileType = wrapper.framework; name = Foundation.framework; path = System/Library/Frameworks/Foundation.framework; sourceTree = SDKROOT; };
		5A91CFED17155FCD00A0A52F /* CoreGraphics.framework */ = {isa = PBXFileReference; lastKnownFileType = wrapper.framework; name = CoreGraphics.framework; path = System/Library/Frameworks/CoreGraphics.framework; sourceTree = SDKROOT; };
		5A91CFF117155FCD00A0A52F /* testing-Info.plist */ = {isa = PBXFileReference; lastKnownFileType = text.plist.xml; path = "testing-Info.plist"; sourceTree = "<group>"; };
		5A91CFF317155FCD00A0A52F /* en */ = {isa = PBXFileReference; lastKnownFileType = text.plist.strings; name = en; path = en.lproj/InfoPlist.strings; sourceTree = "<group>"; };
		5A91CFF517155FCD00A0A52F /* main.m */ = {isa = PBXFileReference; lastKnownFileType = sourcecode.c.objc; path = main.m; sourceTree = "<group>"; };
		5A91CFF717155FCD00A0A52F /* testing-Prefix.pch */ = {isa = PBXFileReference; lastKnownFileType = sourcecode.c.h; path = "testing-Prefix.pch"; sourceTree = "<group>"; };
		5A91CFF817155FCD00A0A52F /* TAppDelegate.h */ = {isa = PBXFileReference; lastKnownFileType = sourcecode.c.h; path = TAppDelegate.h; sourceTree = "<group>"; };
		5A91CFF917155FCD00A0A52F /* TAppDelegate.m */ = {isa = PBXFileReference; lastKnownFileType = sourcecode.c.objc; path = TAppDelegate.m; sourceTree = "<group>"; };
		5A91CFFB17155FCD00A0A52F /* Default.png */ = {isa = PBXFileReference; lastKnownFileType = image.png; path = Default.png; sourceTree = "<group>"; };
		5A91CFFD17155FCD00A0A52F /* Default@2x.png */ = {isa = PBXFileReference; lastKnownFileType = image.png; path = "Default@2x.png"; sourceTree = "<group>"; };
		5A91CFFF17155FCD00A0A52F /* Default-568h@2x.png */ = {isa = PBXFileReference; lastKnownFileType = image.png; path = "Default-568h@2x.png"; sourceTree = "<group>"; };
/* End PBXFileReference section */

/* Begin PBXFrameworksBuildPhase section */
		5A91CFE317155FCD00A0A52F /* Frameworks */ = {
			isa = PBXFrameworksBuildPhase;
			buildActionMask = 2147483647;
			files = (
				5A91CFEA17155FCD00A0A52F /* UIKit.framework in Frameworks */,
				5A91CFEC17155FCD00A0A52F /* Foundation.framework in Frameworks */,
				5A91CFEE17155FCD00A0A52F /* CoreGraphics.framework in Frameworks */,
			);
			runOnlyForDeploymentPostprocessing = 0;
		};
/* End PBXFrameworksBuildPhase section */

/* Begin PBXGroup section */
		5A91CFDD17155FCD00A0A52F = {
			isa = PBXGroup;
			children = (
				5A91CFEF17155FCD00A0A52F /* testing */,
				5A91CFE817155FCD00A0A52F /* Frameworks */,
				5A91CFE717155FCD00A0A52F /* Products */,
			);
			sourceTree = "<group>";
		};
		5A91CFE717155FCD00A0A52F /* Products */ = {
			isa = PBXGroup;
			children = (
				5A91CFE617155FCD00A0A52F /* testing.app */,
			);
			name = Products;
			sourceTree = "<group>";
		};
		5A91CFE817155FCD00A0A52F /* Frameworks */ = {
			isa = PBXGroup;
			children = (
				5A91CFE917155FCD00A0A52F /* UIKit.framework */,
				5A91CFEB17155FCD00A0A52F /* Foundation.framework */,
				5A91CFED17155FCD00A0A52F /* CoreGraphics.framework */,
			);
			name = Frameworks;
			sourceTree = "<group>";
		};
		5A91CFEF17155FCD00A0A52F /* testing */ = {
			isa = PBXGroup;
			children = (
				5A91CFF817155FCD00A0A52F /* TAppDelegate.h */,
				5A91CFF917155FCD00A0A52F /* TAppDelegate.m */,
				5A91CFF017155FCD00A0A52F /* Supporting Files */,
			);
			path = testing;
			sourceTree = "<group>";
		};
		5A91CFF017155FCD00A0A52F /* Supporting Files */ = {
			isa = PBXGroup;
			children = (
				5A91CFF117155FCD00A0A52F /* testing-Info.plist */,
				5A91CFF217155FCD00A0A52F /* InfoPlist.strings */,
				5A91CFF517155FCD00A0A52F /* main.m */,
				5A91CFF717155FCD00A0A52F /* testing-Prefix.pch */,
				5A91CFFB17155FCD00A0A52F /* Default.png */,
				5A91CFFD17155FCD00A0A52F /* Default@2x.png */,
				5A91CFFF17155FCD00A0A52F /* Default-568h@2x.png */,
			);
			name = "Supporting Files";
			sourceTree = "<group>";
		};
/* End PBXGroup section */

/* Begin PBXNativeTarget section */
		5A91CFE517155FCD00A0A52F /* testing */ = {
			isa = PBXNativeTarget;
			buildConfigurationList = 5A91D00317155FCD00A0A52F /* Build configuration list for PBXNativeTarget "testing" */;
			buildPhases = (
				5A91CFE217155FCD00A0A52F /* Sources */,
				5A91CFE317155FCD00A0A52F /* Frameworks */,
				5A91CFE417155FCD00A0A52F /* Resources */,
			);
			buildRules = (
			);
			dependencies = (
			);
			name = testing;
			productName = testing;
			productReference = 5A91CFE617155FCD00A0A52F /* testing.app */;
			productType = "com.apple.product-type.application";
		};
/* End PBXNativeTarget section */

/* Begin PBXProject section */
		5A91CFDE17155FCD00A0A52F /* Project object */ = {
			isa = PBXProject;
			attributes = {
				CLASSPREFIX = T;
				LastUpgradeCheck = 0460;
				ORGANIZATIONNAME = "Karen Cate Arabit";
			};
			buildConfigurationList = 5A91CFE117155FCD00A0A52F /* Build configuration list for PBXProject "testing" */;
			compatibilityVersion = "Xcode 3.2";
			developmentRegion = English;
			hasScannedForEncodings = 0;
			knownRegions = (
				en,
			);
			mainGroup = 5A91CFDD17155FCD00A0A52F;
			productRefGroup = 5A91CFE717155FCD00A0A52F /* Products */;
			projectDirPath = "";
			projectRoot = "";
			targets = (
				5A91CFE517155FCD00A0A52F /* testing */,
			);
		};
/* End PBXProject section */

/* Begin PBXResourcesBuildPhase section */
		5A91CFE417155FCD00A0A52F /* Resources */ = {
			isa = PBXResourcesBuildPhase;
			buildActionMask = 2147483647;
			files = (
				5A91CFF417155FCD00A0A52F /* InfoPlist.strings in Resources */,
				5A91CFFC17155FCD00A0A52F /* Default.png in Resources */,
				5A91CFFE17155FCD00A0A52F /* Default@2x.png in Resources */,
				5A91D00017155FCD00A0A52F /* Default-568h@2x.png in Resources */,
			);
			runOnlyForDeploymentPostprocessing = 0;
		};
/* End PBXResourcesBuildPhase section */

/* Begin PBXSourcesBuildPhase section */
		5A91CFE217155FCD00A0A52F /* Sources */ = {
			isa = PBXSourcesBuildPhase;
			buildActionMask = 2147483647;
			files = (
				5A91CFF617155FCD00A0A52F /* main.m in Sources */,
				5A91CFFA17155FCD00A0A52F /* TAppDelegate.m in Sources */,
			);
			runOnlyForDeploymentPostprocessing = 0;
		};
/* End PBXSourcesBuildPhase section */

/* Begin PBXVariantGroup section */
		5A91CFF217155FCD00A0A52F /* InfoPlist.strings */ = {
			isa = PBXVariantGroup;
			children = (
				5A91CFF317155FCD00A0A52F /* en */,
			);
			name = InfoPlist.strings;
			sourceTree = "<group>";
		};
/* End PBXVariantGroup section */

/* Begin XCBuildConfiguration section */
		5A91D00117155FCD00A0A52F /* Debug */ = {
			isa = XCBuildConfiguration;
			buildSettings = {
				ALWAYS_SEARCH_USER_PATHS = NO;
				CLANG_CXX_LANGUAGE_STANDARD = "gnu++0x";
				CLANG_CXX_LIBRARY = "libc++";
				CLANG_ENABLE_OBJC_ARC = YES;
				CLANG_WARN_CONSTANT_CONVERSION = YES;
				CLANG_WARN_EMPTY_BODY = YES;
				CLANG_WARN_ENUM_CONVERSION = YES;
				CLANG_WARN_INT_CONVERSION = YES;
				CLANG_WARN__DUPLICATE_METHOD_MATCH = YES;
				"CODE_SIGN_IDENTITY[sdk=iphoneos*]" = "iPhone Developer";
				COPY_PHASE_STRIP = NO;
				GCC_C_LANGUAGE_STANDARD = gnu99;
				GCC_DYNAMIC_NO_PIC = NO;
				GCC_OPTIMIZATION_LEVEL = 0;
				GCC_PREPROCESSOR_DEFINITIONS = (
					"DEBUG=1",
					"$(inherited)",
				);
				GCC_SYMBOLS_PRIVATE_EXTERN = NO;
				GCC_WARN_ABOUT_RETURN_TYPE = YES;
				GCC_WARN_UNINITIALIZED_AUTOS = YES;
				GCC_WARN_UNUSED_VARIABLE = YES;
				IPHONEOS_DEPLOYMENT_TARGET = 6.1;
				ONLY_ACTIVE_ARCH = YES;
				SDKROOT = iphoneos;
			};
			name = Debug;
		};
		5A91D00217155FCD00A0A52F /* Release */ = {
			isa = XCBuildConfiguration;
			buildSettings = {
				ALWAYS_SEARCH_USER_PATHS = NO;
				CLANG_CXX_LANGUAGE_STANDARD = "gnu++0x";
				CLANG_CXX_LIBRARY = "libc++";
				CLANG_ENABLE_OBJC_ARC = YES;
				CLANG_WARN_CONSTANT_CONVERSION = YES;
				CLANG_WARN_EMPTY_BODY = YES;
				CLANG_WARN_ENUM_CONVERSION = YES;
				CLANG_WARN_INT_CONVERSION = YES;
				CLANG_WARN__DUPLICATE_METHOD_MATCH = YES;
				"CODE_SIGN_IDENTITY[sdk=iphoneos*]" = "iPhone Developer";
				COPY_PHASE_STRIP = YES;
				GCC_C_LANGUAGE_STANDARD = gnu99;
				GCC_WARN_ABOUT_RETURN_TYPE = YES;
				GCC_WARN_UNINITIALIZED_AUTOS = YES;
				GCC_WARN_UNUSED_VARIABLE = YES;
				IPHONEOS_DEPLOYMENT_TARGET = 6.1;
				OTHER_CFLAGS = "-DNS_BLOCK_ASSERTIONS=1";
				SDKROOT = iphoneos;
				VALIDATE_PRODUCT = YES;
			};
			name = Release;
		};
		5A91D00417155FCD00A0A52F /* Debug */ = {
			isa = XCBuildConfiguration;
			buildSettings = {
				GCC_PRECOMPILE_PREFIX_HEADER = YES;
				GCC_PREFIX_HEADER = "testing/testing-Prefix.pch";
				INFOPLIST_FILE = "testing/testing-Info.plist";
				PRODUCT_NAME = "$(TARGET_NAME)";
				WRAPPER_EXTENSION = app;
			};
			name = Debug;
		};
		5A91D00517155FCD00A0A52F /* Release */ = {
			isa = XCBuildConfiguration;
			buildSettings = {
				GCC_PRECOMPILE_PREFIX_HEADER = YES;
				GCC_PREFIX_HEADER = "testing/testing-Prefix.pch";
				INFOPLIST_FILE = "testing/testing-Info.plist";
				PRODUCT_NAME = "$(TARGET_NAME)";
				WRAPPER_EXTENSION = app;
			};
			name = Release;
		};
/* End XCBuildConfiguration section */

/* Begin XCConfigurationList section */
		5A91CFE117155FCD00A0A52F /* Build configuration list for PBXProject "testing" */ = {
			isa = XCConfigurationList;
			buildConfigurations = (
				5A91D00117155FCD00A0A52F /* Debug */,
				5A91D00217155FCD00A0A52F /* Release */,
			);
			defaultConfigurationIsVisible = 0;
			defaultConfigurationName = Release;
		};
		5A91D00317155FCD00A0A52F /* Build configuration list for PBXNativeTarget "testing" */ = {
			isa = XCConfigurationList;
			buildConfigurations = (
				5A91D00417155FCD00A0A52F /* Debug */,
				5A91D00517155FCD00A0A52F /* Release */,
			);
			defaultConfigurationIsVisible = 0;
		};
/* End XCConfigurationList section */
	};
	rootObject = 5A91CFDE17155FCD00A0A52F /* Project object */;
}
